
Microsoft Visual Studio Solution File, Format Version 12.00
# Visual Studio Version 17
VisualStudioVersion = 17.0.31903.59
MinimumVisualStudioVersion = 10.0.40219.1
Project("{FAE04EC0-301F-11D3-BF4B-00C04F79EFBC}") = "FleetAuth.API", "FleetAuth.API\FleetAuth.API.csproj", "{6E7263F2-4FF8-4EC7-BDB4-6AB72B4283B7}"
EndProject
Project("{FAE04EC0-301F-11D3-BF4B-00C04F79EFBC}") = "FleetAuth.Core", "FleetAuth.Core\FleetAuth.Core.csproj", "{BBB2A366-20B1-4E29-B5A7-B9B15F8B28EA}"
EndProject
Project("{FAE04EC0-301F-11D3-BF4B-00C04F79EFBC}") = "FleetAuth.Infrastructure", "FleetAuth.Infrastructure\FleetAuth.Infrastructure.csproj", "{F9DA740D-6AC2-4EA9-8C51-89E7685EB77C}"
EndProject
Global
	GlobalSection(SolutionConfigurationPlatforms) = preSolution
		Debug|Any CPU = Debug|Any CPU
		Debug|x64 = Debug|x64
		Debug|x86 = Debug|x86
		Release|Any CPU = Release|Any CPU
		Release|x64 = Release|x64
		Release|x86 = Release|x86
	EndGlobalSection
	GlobalSection(ProjectConfigurationPlatforms) = postSolution
		{6E7263F2-4FF8-4EC7-BDB4-6AB72B4283B7}.Debug|Any CPU.ActiveCfg = Debug|Any CPU
		{6E7263F2-4FF8-4EC7-BDB4-6AB72B4283B7}.Debug|Any CPU.Build.0 = Debug|Any CPU
		{6E7263F2-4FF8-4EC7-BDB4-6AB72B4283B7}.Debug|x64.ActiveCfg = Debug|Any CPU
		{6E7263F2-4FF8-4EC7-BDB4-6AB72B4283B7}.Debug|x64.Build.0 = Debug|Any CPU
		{6E7263F2-4FF8-4EC7-BDB4-6AB72B4283B7}.Debug|x86.ActiveCfg = Debug|Any CPU
		{6E7263F2-4FF8-4EC7-BDB4-6AB72B4283B7}.Debug|x86.Build.0 = Debug|Any CPU
		{6E7263F2-4FF8-4EC7-BDB4-6AB72B4283B7}.Release|Any CPU.ActiveCfg = Release|Any CPU
		{6E7263F2-4FF8-4EC7-BDB4-6AB72B4283B7}.Release|Any CPU.Build.0 = Release|Any CPU
		{6E7263F2-4FF8-4EC7-BDB4-6AB72B4283B7}.Release|x64.ActiveCfg = Release|Any CPU
		{6E7263F2-4FF8-4EC7-BDB4-6AB72B4283B7}.Release|x64.Build.0 = Release|Any CPU
		{6E7263F2-4FF8-4EC7-BDB4-6AB72B4283B7}.Release|x86.ActiveCfg = Release|Any CPU
		{6E7263F2-4FF8-4EC7-BDB4-6AB72B4283B7}.Release|x86.Build.0 = Release|Any CPU
		{BBB2A366-20B1-4E29-B5A7-B9B15F8B28EA}.Debug|Any CPU.ActiveCfg = Debug|Any CPU
		{BBB2A366-20B1-4E29-B5A7-B9B15F8B28EA}.Debug|Any CPU.Build.0 = Debug|Any CPU
		{BBB2A366-20B1-4E29-B5A7-B9B15F8B28EA}.Debug|x64.ActiveCfg = Debug|Any CPU
		{BBB2A366-20B1-4E29-B5A7-B9B15F8B28EA}.Debug|x64.Build.0 = Debug|Any CPU
		{BBB2A366-20B1-4E29-B5A7-B9B15F8B28EA}.Debug|x86.ActiveCfg = Debug|Any CPU
		{BBB2A366-20B1-4E29-B5A7-B9B15F8B28EA}.Debug|x86.Build.0 = Debug|Any CPU
		{BBB2A366-20B1-4E29-B5A7-B9B15F8B28EA}.Release|Any CPU.ActiveCfg = Release|Any CPU
		{BBB2A366-20B1-4E29-B5A7-B9B15F8B28EA}.Release|Any CPU.Build.0 = Release|Any CPU
		{BBB2A366-20B1-4E29-B5A7-B9B15F8B28EA}.Release|x64.ActiveCfg = Release|Any CPU
		{BBB2A366-20B1-4E29-B5A7-B9B15F8B28EA}.Release|x64.Build.0 = Release|Any CPU
		{BBB2A366-20B1-4E29-B5A7-B9B15F8B28EA}.Release|x86.ActiveCfg = Release|Any CPU
		{BBB2A366-20B1-4E29-B5A7-B9B15F8B28EA}.Release|x86.Build.0 = Release|Any CPU
		{F9DA740D-6AC2-4EA9-8C51-89E7685EB77C}.Debug|Any CPU.ActiveCfg = Debug|Any CPU
		{F9DA740D-6AC2-4EA9-8C51-89E7685EB77C}.Debug|Any CPU.Build.0 = Debug|Any CPU
		{F9DA740D-6AC2-4EA9-8C51-89E7685EB77C}.Debug|x64.ActiveCfg = Debug|Any CPU
		{F9DA740D-6AC2-4EA9-8C51-89E7685EB77C}.Debug|x64.Build.0 = Debug|Any CPU
		{F9DA740D-6AC2-4EA9-8C51-89E7685EB77C}.Debug|x86.ActiveCfg = Debug|Any CPU
		{F9DA740D-6AC2-4EA9-8C51-89E7685EB77C}.Debug|x86.Build.0 = Debug|Any CPU
		{F9DA740D-6AC2-4EA9-8C51-89E7685EB77C}.Release|Any CPU.ActiveCfg = Release|Any CPU
		{F9DA740D-6AC2-4EA9-8C51-89E7685EB77C}.Release|Any CPU.Build.0 = Release|Any CPU
		{F9DA740D-6AC2-4EA9-8C51-89E7685EB77C}.Release|x64.ActiveCfg = Release|Any CPU
		{F9DA740D-6AC2-4EA9-8C51-89E7685EB77C}.Release|x64.Build.0 = Release|Any CPU
		{F9DA740D-6AC2-4EA9-8C51-89E7685EB77C}.Release|x86.ActiveCfg = Release|Any CPU
		{F9DA740D-6AC2-4EA9-8C51-89E7685EB77C}.Release|x86.Build.0 = Release|Any CPU
	EndGlobalSection
	GlobalSection(SolutionProperties) = preSolution
		HideSolutionNode = FALSE
	EndGlobalSection
EndGlobal
