Microsoft Visual Studio Solution File, Format Version 12.00
# Visual Studio Version 17
VisualStudioVersion = 17.5.2.0
MinimumVisualStudioVersion = 10.0.40219.1
Project("{FAE04EC0-301F-11D3-BF4B-00C04F79EFBC}") = "FleetAuth.API", "FleetAuth.API.csproj", "{77B8D7CD-095C-3548-E653-3ECFAA80E246}"
EndProject
Global
	GlobalSection(SolutionConfigurationPlatforms) = preSolution
		Debug|Any CPU = Debug|Any CPU
		Release|Any CPU = Release|Any CPU
	EndGlobalSection
	GlobalSection(ProjectConfigurationPlatforms) = postSolution
		{77B8D7CD-095C-3548-E653-3ECFAA80E246}.Debug|Any CPU.ActiveCfg = Debug|Any CPU
		{77B8D7CD-095C-3548-E653-3ECFAA80E246}.Debug|Any CPU.Build.0 = Debug|Any CPU
		{77B8D7CD-095C-3548-E653-3ECFAA80E246}.Release|Any CPU.ActiveCfg = Release|Any CPU
		{77B8D7CD-095C-3548-E653-3ECFAA80E246}.Release|Any CPU.Build.0 = Release|Any CPU
	EndGlobalSection
	GlobalSection(SolutionProperties) = preSolution
		HideSolutionNode = FALSE
	EndGlobalSection
	GlobalSection(ExtensibilityGlobals) = postSolution
		SolutionGuid = {3D6B5BFD-23C2-48E1-9CB6-D3D31631E598}
	EndGlobalSection
EndGlobal
